// !$*UTF8*$!
{
	archiveVersion = 1;
	classes = {
	};
	objectVersion = 50;
	objects = {

/* Begin PBXBuildFile section */
		7991496127AD0FB600FABDB3 /* AppDelegate.swift in Sources */ = {isa = PBXBuildFile; fileRef = 7991496027AD0FB600FABDB3 /* AppDelegate.swift */; };
		7991496327AD0FB600FABDB3 /* SceneDelegate.swift in Sources */ = {isa = PBXBuildFile; fileRef = 7991496227AD0FB600FABDB3 /* SceneDelegate.swift */; };
		7991496527AD0FB600FABDB3 /* ViewController.swift in Sources */ = {isa = PBXBuildFile; fileRef = 7991496427AD0FB600FABDB3 /* ViewController.swift */; };
		7991496827AD0FB600FABDB3 /* Main.storyboard in Resources */ = {isa = PBXBuildFile; fileRef = 7991496627AD0FB600FABDB3 /* Main.storyboard */; };
		7991496A27AD0FB800FABDB3 /* Assets.xcassets in Resources */ = {isa = PBXBuildFile; fileRef = 7991496927AD0FB800FABDB3 /* Assets.xcassets */; };
		7991496D27AD0FB800FABDB3 /* LaunchScreen.storyboard in Resources */ = {isa = PBXBuildFile; fileRef = 7991496B27AD0FB800FABDB3 /* LaunchScreen.storyboard */; };
		79DE998C27AD846F001DA24E /* UserLocationProtocol.swift in Sources */ = {isa = PBXBuildFile; fileRef = 79DE998B27AD846F001DA24E /* UserLocationProtocol.swift */; };
		79DE999227AD84F8001DA24E /* UserLocationProviderProtocol.swift in Sources */ = {isa = PBXBuildFile; fileRef = 79DE999127AD84F8001DA24E /* UserLocationProviderProtocol.swift */; };
		79DE999627AD85E0001DA24E /* LocationProviderProtocol.swift in Sources */ = {isa = PBXBuildFile; fileRef = 79DE999527AD85E0001DA24E /* LocationProviderProtocol.swift */; };
		79DE999B27AD8739001DA24E /* UserLocationService.swift in Sources */ = {isa = PBXBuildFile; fileRef = 79DE999A27AD8739001DA24E /* UserLocationService.swift */; };
		79DE99A127AD8CD1001DA24E /* UserLocationProviderMock.swift in Sources */ = {isa = PBXBuildFile; fileRef = 79DE99A027AD8CD1001DA24E /* UserLocationProviderMock.swift */; };
		79DE99A627AD8D30001DA24E /* UserLocationProtocol.swift in Sources */ = {isa = PBXBuildFile; fileRef = 79DE998B27AD846F001DA24E /* UserLocationProtocol.swift */; };
		79DE99A927AD8D34001DA24E /* UserLocationProviderProtocol.swift in Sources */ = {isa = PBXBuildFile; fileRef = 79DE999127AD84F8001DA24E /* UserLocationProviderProtocol.swift */; };
		79DE99AC27AD8D36001DA24E /* LocationProviderProtocol.swift in Sources */ = {isa = PBXBuildFile; fileRef = 79DE999527AD85E0001DA24E /* LocationProviderProtocol.swift */; };
		79DE99B027AD8DD0001DA24E /* ViewControllerTests.swift in Sources */ = {isa = PBXBuildFile; fileRef = 79DE99AF27AD8DD0001DA24E /* ViewControllerTests.swift */; };
		79DE99B327AD9105001DA24E /* ViewController.swift in Sources */ = {isa = PBXBuildFile; fileRef = 7991496427AD0FB600FABDB3 /* ViewController.swift */; };
		79DE99B727AD92EF001DA24E /* LocationProviderMock.swift in Sources */ = {isa = PBXBuildFile; fileRef = 79DE99B627AD92EF001DA24E /* LocationProviderMock.swift */; };
		79DE99BB27AD938A001DA24E /* UserLocationServiceTests.swift in Sources */ = {isa = PBXBuildFile; fileRef = 79DE99BA27AD938A001DA24E /* UserLocationServiceTests.swift */; };
		79DE99BE27AD93DA001DA24E /* UserLocationService.swift in Sources */ = {isa = PBXBuildFile; fileRef = 79DE999A27AD8739001DA24E /* UserLocationService.swift */; };
/* End PBXBuildFile section */

/* Begin PBXContainerItemProxy section */
		79DE992E27AD5AE1001DA24E /* PBXContainerItemProxy */ = {
			isa = PBXContainerItemProxy;
			containerPortal = 7991495527AD0FB600FABDB3 /* Project object */;
			proxyType = 1;
			remoteGlobalIDString = 7991495C27AD0FB600FABDB3;
			remoteInfo = WalkATen;
		};
/* End PBXContainerItemProxy section */

/* Begin PBXFileReference section */
		7991495D27AD0FB600FABDB3 /* WalkATen.app */ = {isa = PBXFileReference; explicitFileType = wrapper.application; includeInIndex = 0; path = WalkATen.app; sourceTree = BUILT_PRODUCTS_DIR; };
		7991496027AD0FB600FABDB3 /* AppDelegate.swift */ = {isa = PBXFileReference; lastKnownFileType = sourcecode.swift; path = AppDelegate.swift; sourceTree = "<group>"; };
		7991496227AD0FB600FABDB3 /* SceneDelegate.swift */ = {isa = PBXFileReference; lastKnownFileType = sourcecode.swift; path = SceneDelegate.swift; sourceTree = "<group>"; };
		7991496427AD0FB600FABDB3 /* ViewController.swift */ = {isa = PBXFileReference; lastKnownFileType = sourcecode.swift; path = ViewController.swift; sourceTree = "<group>"; };
		7991496727AD0FB600FABDB3 /* Base */ = {isa = PBXFileReference; lastKnownFileType = file.storyboard; name = Base; path = Base.lproj/Main.storyboard; sourceTree = "<group>"; };
		7991496927AD0FB800FABDB3 /* Assets.xcassets */ = {isa = PBXFileReference; lastKnownFileType = folder.assetcatalog; path = Assets.xcassets; sourceTree = "<group>"; };
		7991496C27AD0FB800FABDB3 /* Base */ = {isa = PBXFileReference; lastKnownFileType = file.storyboard; name = Base; path = Base.lproj/LaunchScreen.storyboard; sourceTree = "<group>"; };
		7991496E27AD0FB800FABDB3 /* Info.plist */ = {isa = PBXFileReference; lastKnownFileType = text.plist.xml; path = Info.plist; sourceTree = "<group>"; };
		79DE992927AD5AE1001DA24E /* WalkATenTests.xctest */ = {isa = PBXFileReference; explicitFileType = wrapper.cfbundle; includeInIndex = 0; path = WalkATenTests.xctest; sourceTree = BUILT_PRODUCTS_DIR; };
		79DE992D27AD5AE1001DA24E /* Info.plist */ = {isa = PBXFileReference; lastKnownFileType = text.plist.xml; path = Info.plist; sourceTree = "<group>"; };
		79DE998B27AD846F001DA24E /* UserLocationProtocol.swift */ = {isa = PBXFileReference; lastKnownFileType = sourcecode.swift; name = UserLocationProtocol.swift; path = WalkATen/Protocol/UserLocationProtocol.swift; sourceTree = SOURCE_ROOT; };
		79DE999127AD84F8001DA24E /* UserLocationProviderProtocol.swift */ = {isa = PBXFileReference; lastKnownFileType = sourcecode.swift; name = UserLocationProviderProtocol.swift; path = WalkATen/Protocol/UserLocationProviderProtocol.swift; sourceTree = SOURCE_ROOT; };
		79DE999527AD85E0001DA24E /* LocationProviderProtocol.swift */ = {isa = PBXFileReference; lastKnownFileType = sourcecode.swift; name = LocationProviderProtocol.swift; path = WalkATen/Protocol/LocationProviderProtocol.swift; sourceTree = SOURCE_ROOT; };
		79DE999A27AD8739001DA24E /* UserLocationService.swift */ = {isa = PBXFileReference; lastKnownFileType = sourcecode.swift; path = UserLocationService.swift; sourceTree = "<group>"; };
		79DE99A027AD8CD1001DA24E /* UserLocationProviderMock.swift */ = {isa = PBXFileReference; lastKnownFileType = sourcecode.swift; path = UserLocationProviderMock.swift; sourceTree = "<group>"; };
		79DE99AF27AD8DD0001DA24E /* ViewControllerTests.swift */ = {isa = PBXFileReference; lastKnownFileType = sourcecode.swift; path = ViewControllerTests.swift; sourceTree = "<group>"; };
		79DE99B627AD92EF001DA24E /* LocationProviderMock.swift */ = {isa = PBXFileReference; lastKnownFileType = sourcecode.swift; path = LocationProviderMock.swift; sourceTree = "<group>"; };
		79DE99BA27AD938A001DA24E /* UserLocationServiceTests.swift */ = {isa = PBXFileReference; lastKnownFileType = sourcecode.swift; path = UserLocationServiceTests.swift; sourceTree = "<group>"; };
/* End PBXFileReference section */

/* Begin PBXFrameworksBuildPhase section */
		7991495A27AD0FB600FABDB3 /* Frameworks */ = {
			isa = PBXFrameworksBuildPhase;
			buildActionMask = 2147483647;
			files = (
			);
			runOnlyForDeploymentPostprocessing = 0;
		};
		79DE992627AD5AE1001DA24E /* Frameworks */ = {
			isa = PBXFrameworksBuildPhase;
			buildActionMask = 2147483647;
			files = (
			);
			runOnlyForDeploymentPostprocessing = 0;
		};
/* End PBXFrameworksBuildPhase section */

/* Begin PBXGroup section */
		7991495427AD0FB600FABDB3 = {
			isa = PBXGroup;
			children = (
				7991495F27AD0FB600FABDB3 /* WalkATen */,
				79DE992A27AD5AE1001DA24E /* WalkATenTests */,
				7991495E27AD0FB600FABDB3 /* Products */,
			);
			sourceTree = "<group>";
		};
		7991495E27AD0FB600FABDB3 /* Products */ = {
			isa = PBXGroup;
			children = (
				7991495D27AD0FB600FABDB3 /* WalkATen.app */,
				79DE992927AD5AE1001DA24E /* WalkATenTests.xctest */,
			);
			name = Products;
			sourceTree = "<group>";
		};
		7991495F27AD0FB600FABDB3 /* WalkATen */ = {
			isa = PBXGroup;
			children = (
				79DE999927AD86FF001DA24E /* Service */,
				79DE997627AD7389001DA24E /* Protocol */,
				79DE995527AD6584001DA24E /* Model */,
				79DE995427AD655A001DA24E /* ViewController */,
				79DE995327AD654F001DA24E /* View */,
				7991497727AD139800FABDB3 /* SupportingFiles */,
				7991496E27AD0FB800FABDB3 /* Info.plist */,
			);
			path = WalkATen;
			sourceTree = "<group>";
		};
		7991497727AD139800FABDB3 /* SupportingFiles */ = {
			isa = PBXGroup;
			children = (
				7991496227AD0FB600FABDB3 /* SceneDelegate.swift */,
				7991496027AD0FB600FABDB3 /* AppDelegate.swift */,
				7991496927AD0FB800FABDB3 /* Assets.xcassets */,
				7991496B27AD0FB800FABDB3 /* LaunchScreen.storyboard */,
			);
			path = SupportingFiles;
			sourceTree = "<group>";
		};
		79DE992A27AD5AE1001DA24E /* WalkATenTests */ = {
			isa = PBXGroup;
			children = (
				79DE999F27AD8CBC001DA24E /* Tests */,
				79DE999E27AD8CB6001DA24E /* Mocks */,
				79DE992D27AD5AE1001DA24E /* Info.plist */,
			);
			path = WalkATenTests;
			sourceTree = "<group>";
		};
		79DE995327AD654F001DA24E /* View */ = {
			isa = PBXGroup;
			children = (
				7991496627AD0FB600FABDB3 /* Main.storyboard */,
			);
			path = View;
			sourceTree = "<group>";
		};
		79DE995427AD655A001DA24E /* ViewController */ = {
			isa = PBXGroup;
			children = (
				7991496427AD0FB600FABDB3 /* ViewController.swift */,
			);
			path = ViewController;
			sourceTree = "<group>";
		};
		79DE995527AD6584001DA24E /* Model */ = {
			isa = PBXGroup;
			children = (
			);
			path = Model;
			sourceTree = "<group>";
		};
		79DE997627AD7389001DA24E /* Protocol */ = {
			isa = PBXGroup;
			children = (
				79DE998B27AD846F001DA24E /* UserLocationProtocol.swift */,
				79DE999127AD84F8001DA24E /* UserLocationProviderProtocol.swift */,
				79DE999527AD85E0001DA24E /* LocationProviderProtocol.swift */,
			);
			path = Protocol;
			sourceTree = "<group>";
		};
		79DE999927AD86FF001DA24E /* Service */ = {
			isa = PBXGroup;
			children = (
				79DE999A27AD8739001DA24E /* UserLocationService.swift */,
			);
			path = Service;
			sourceTree = "<group>";
		};
		79DE999E27AD8CB6001DA24E /* Mocks */ = {
			isa = PBXGroup;
			children = (
				79DE99A027AD8CD1001DA24E /* UserLocationProviderMock.swift */,
				79DE99B627AD92EF001DA24E /* LocationProviderMock.swift */,
			);
			path = Mocks;
			sourceTree = "<group>";
		};
		79DE999F27AD8CBC001DA24E /* Tests */ = {
			isa = PBXGroup;
			children = (
				79DE99AF27AD8DD0001DA24E /* ViewControllerTests.swift */,
				79DE99BA27AD938A001DA24E /* UserLocationServiceTests.swift */,
			);
			path = Tests;
			sourceTree = "<group>";
		};
/* End PBXGroup section */

/* Begin PBXNativeTarget section */
		7991495C27AD0FB600FABDB3 /* WalkATen */ = {
			isa = PBXNativeTarget;
			buildConfigurationList = 7991497127AD0FB800FABDB3 /* Build configuration list for PBXNativeTarget "WalkATen" */;
			buildPhases = (
				7991495927AD0FB600FABDB3 /* Sources */,
				7991495A27AD0FB600FABDB3 /* Frameworks */,
				7991495B27AD0FB600FABDB3 /* Resources */,
			);
			buildRules = (
			);
			dependencies = (
			);
			name = WalkATen;
			productName = WalkATen;
			productReference = 7991495D27AD0FB600FABDB3 /* WalkATen.app */;
			productType = "com.apple.product-type.application";
		};
		79DE992827AD5AE1001DA24E /* WalkATenTests */ = {
			isa = PBXNativeTarget;
			buildConfigurationList = 79DE993027AD5AE1001DA24E /* Build configuration list for PBXNativeTarget "WalkATenTests" */;
			buildPhases = (
				79DE992527AD5AE1001DA24E /* Sources */,
				79DE992627AD5AE1001DA24E /* Frameworks */,
				79DE992727AD5AE1001DA24E /* Resources */,
			);
			buildRules = (
			);
			dependencies = (
				79DE992F27AD5AE1001DA24E /* PBXTargetDependency */,
			);
			name = WalkATenTests;
			productName = WalkATenTests;
			productReference = 79DE992927AD5AE1001DA24E /* WalkATenTests.xctest */;
			productType = "com.apple.product-type.bundle.unit-test";
		};
/* End PBXNativeTarget section */

/* Begin PBXProject section */
		7991495527AD0FB600FABDB3 /* Project object */ = {
			isa = PBXProject;
			attributes = {
				LastSwiftUpdateCheck = 1240;
				LastUpgradeCheck = 1240;
				TargetAttributes = {
					7991495C27AD0FB600FABDB3 = {
						CreatedOnToolsVersion = 12.4;
					};
					79DE992827AD5AE1001DA24E = {
						CreatedOnToolsVersion = 12.4;
						TestTargetID = 7991495C27AD0FB600FABDB3;
					};
				};
			};
			buildConfigurationList = 7991495827AD0FB600FABDB3 /* Build configuration list for PBXProject "WalkATen" */;
			compatibilityVersion = "Xcode 9.3";
			developmentRegion = en;
			hasScannedForEncodings = 0;
			knownRegions = (
				en,
				Base,
			);
			mainGroup = 7991495427AD0FB600FABDB3;
			productRefGroup = 7991495E27AD0FB600FABDB3 /* Products */;
			projectDirPath = "";
			projectRoot = "";
			targets = (
				7991495C27AD0FB600FABDB3 /* WalkATen */,
				79DE992827AD5AE1001DA24E /* WalkATenTests */,
			);
		};
/* End PBXProject section */

/* Begin PBXResourcesBuildPhase section */
		7991495B27AD0FB600FABDB3 /* Resources */ = {
			isa = PBXResourcesBuildPhase;
			buildActionMask = 2147483647;
			files = (
				7991496D27AD0FB800FABDB3 /* LaunchScreen.storyboard in Resources */,
				7991496A27AD0FB800FABDB3 /* Assets.xcassets in Resources */,
				7991496827AD0FB600FABDB3 /* Main.storyboard in Resources */,
			);
			runOnlyForDeploymentPostprocessing = 0;
		};
		79DE992727AD5AE1001DA24E /* Resources */ = {
			isa = PBXResourcesBuildPhase;
			buildActionMask = 2147483647;
			files = (
			);
			runOnlyForDeploymentPostprocessing = 0;
		};
/* End PBXResourcesBuildPhase section */

/* Begin PBXSourcesBuildPhase section */
		7991495927AD0FB600FABDB3 /* Sources */ = {
			isa = PBXSourcesBuildPhase;
			buildActionMask = 2147483647;
			files = (
				7991496527AD0FB600FABDB3 /* ViewController.swift in Sources */,
				79DE999B27AD8739001DA24E /* UserLocationService.swift in Sources */,
				79DE999627AD85E0001DA24E /* LocationProviderProtocol.swift in Sources */,
				79DE999227AD84F8001DA24E /* UserLocationProviderProtocol.swift in Sources */,
				7991496127AD0FB600FABDB3 /* AppDelegate.swift in Sources */,
				7991496327AD0FB600FABDB3 /* SceneDelegate.swift in Sources */,
				79DE998C27AD846F001DA24E /* UserLocationProtocol.swift in Sources */,
			);
			runOnlyForDeploymentPostprocessing = 0;
		};
		79DE992527AD5AE1001DA24E /* Sources */ = {
			isa = PBXSourcesBuildPhase;
			buildActionMask = 2147483647;
			files = (
				79DE99B027AD8DD0001DA24E /* ViewControllerTests.swift in Sources */,
				79DE99A627AD8D30001DA24E /* UserLocationProtocol.swift in Sources */,
				79DE99B727AD92EF001DA24E /* LocationProviderMock.swift in Sources */,
				79DE99AC27AD8D36001DA24E /* LocationProviderProtocol.swift in Sources */,
				79DE99B327AD9105001DA24E /* ViewController.swift in Sources */,
				79DE99A927AD8D34001DA24E /* UserLocationProviderProtocol.swift in Sources */,
				79DE99BB27AD938A001DA24E /* UserLocationServiceTests.swift in Sources */,
				79DE99BE27AD93DA001DA24E /* UserLocationService.swift in Sources */,
				79DE99A127AD8CD1001DA24E /* UserLocationProviderMock.swift in Sources */,
			);
			runOnlyForDeploymentPostprocessing = 0;
		};
/* End PBXSourcesBuildPhase section */

/* Begin PBXTargetDependency section */
		79DE992F27AD5AE1001DA24E /* PBXTargetDependency */ = {
			isa = PBXTargetDependency;
			target = 7991495C27AD0FB600FABDB3 /* WalkATen */;
			targetProxy = 79DE992E27AD5AE1001DA24E /* PBXContainerItemProxy */;
		};
/* End PBXTargetDependency section */

/* Begin PBXVariantGroup section */
		7991496627AD0FB600FABDB3 /* Main.storyboard */ = {
			isa = PBXVariantGroup;
			children = (
				7991496727AD0FB600FABDB3 /* Base */,
			);
			name = Main.storyboard;
			sourceTree = "<group>";
		};
		7991496B27AD0FB800FABDB3 /* LaunchScreen.storyboard */ = {
			isa = PBXVariantGroup;
			children = (
				7991496C27AD0FB800FABDB3 /* Base */,
			);
			name = LaunchScreen.storyboard;
			sourceTree = "<group>";
		};
/* End PBXVariantGroup section */

/* Begin XCBuildConfiguration section */
		7991496F27AD0FB800FABDB3 /* Debug */ = {
			isa = XCBuildConfiguration;
			buildSettings = {
				ALWAYS_SEARCH_USER_PATHS = NO;
				CLANG_ANALYZER_NONNULL = YES;
				CLANG_ANALYZER_NUMBER_OBJECT_CONVERSION = YES_AGGRESSIVE;
				CLANG_CXX_LANGUAGE_STANDARD = "gnu++14";
				CLANG_CXX_LIBRARY = "libc++";
				CLANG_ENABLE_MODULES = YES;
				CLANG_ENABLE_OBJC_ARC = YES;
				CLANG_ENABLE_OBJC_WEAK = YES;
				CLANG_WARN_BLOCK_CAPTURE_AUTORELEASING = YES;
				CLANG_WARN_BOOL_CONVERSION = YES;
				CLANG_WARN_COMMA = YES;
				CLANG_WARN_CONSTANT_CONVERSION = YES;
				CLANG_WARN_DEPRECATED_OBJC_IMPLEMENTATIONS = YES;
				CLANG_WARN_DIRECT_OBJC_ISA_USAGE = YES_ERROR;
				CLANG_WARN_DOCUMENTATION_COMMENTS = YES;
				CLANG_WARN_EMPTY_BODY = YES;
				CLANG_WARN_ENUM_CONVERSION = YES;
				CLANG_WARN_INFINITE_RECURSION = YES;
				CLANG_WARN_INT_CONVERSION = YES;
				CLANG_WARN_NON_LITERAL_NULL_CONVERSION = YES;
				CLANG_WARN_OBJC_IMPLICIT_RETAIN_SELF = YES;
				CLANG_WARN_OBJC_LITERAL_CONVERSION = YES;
				CLANG_WARN_OBJC_ROOT_CLASS = YES_ERROR;
				CLANG_WARN_QUOTED_INCLUDE_IN_FRAMEWORK_HEADER = YES;
				CLANG_WARN_RANGE_LOOP_ANALYSIS = YES;
				CLANG_WARN_STRICT_PROTOTYPES = YES;
				CLANG_WARN_SUSPICIOUS_MOVE = YES;
				CLANG_WARN_UNGUARDED_AVAILABILITY = YES_AGGRESSIVE;
				CLANG_WARN_UNREACHABLE_CODE = YES;
				CLANG_WARN__DUPLICATE_METHOD_MATCH = YES;
				COPY_PHASE_STRIP = NO;
				DEBUG_INFORMATION_FORMAT = dwarf;
				ENABLE_STRICT_OBJC_MSGSEND = YES;
				ENABLE_TESTABILITY = YES;
				GCC_C_LANGUAGE_STANDARD = gnu11;
				GCC_DYNAMIC_NO_PIC = NO;
				GCC_NO_COMMON_BLOCKS = YES;
				GCC_OPTIMIZATION_LEVEL = 0;
				GCC_PREPROCESSOR_DEFINITIONS = (
					"DEBUG=1",
					"$(inherited)",
				);
				GCC_WARN_64_TO_32_BIT_CONVERSION = YES;
				GCC_WARN_ABOUT_RETURN_TYPE = YES_ERROR;
				GCC_WARN_UNDECLARED_SELECTOR = YES;
				GCC_WARN_UNINITIALIZED_AUTOS = YES_AGGRESSIVE;
				GCC_WARN_UNUSED_FUNCTION = YES;
				GCC_WARN_UNUSED_VARIABLE = YES;
				IPHONEOS_DEPLOYMENT_TARGET = 13.0;
				MTL_ENABLE_DEBUG_INFO = INCLUDE_SOURCE;
				MTL_FAST_MATH = YES;
				ONLY_ACTIVE_ARCH = YES;
				SDKROOT = iphoneos;
				SWIFT_ACTIVE_COMPILATION_CONDITIONS = DEBUG;
				SWIFT_OPTIMIZATION_LEVEL = "-Onone";
			};
			name = Debug;
		};
		7991497027AD0FB800FABDB3 /* Release */ = {
			isa = XCBuildConfiguration;
			buildSettings = {
				ALWAYS_SEARCH_USER_PATHS = NO;
				CLANG_ANALYZER_NONNULL = YES;
				CLANG_ANALYZER_NUMBER_OBJECT_CONVERSION = YES_AGGRESSIVE;
				CLANG_CXX_LANGUAGE_STANDARD = "gnu++14";
				CLANG_CXX_LIBRARY = "libc++";
				CLANG_ENABLE_MODULES = YES;
				CLANG_ENABLE_OBJC_ARC = YES;
				CLANG_ENABLE_OBJC_WEAK = YES;
				CLANG_WARN_BLOCK_CAPTURE_AUTORELEASING = YES;
				CLANG_WARN_BOOL_CONVERSION = YES;
				CLANG_WARN_COMMA = YES;
				CLANG_WARN_CONSTANT_CONVERSION = YES;
				CLANG_WARN_DEPRECATED_OBJC_IMPLEMENTATIONS = YES;
				CLANG_WARN_DIRECT_OBJC_ISA_USAGE = YES_ERROR;
				CLANG_WARN_DOCUMENTATION_COMMENTS = YES;
				CLANG_WARN_EMPTY_BODY = YES;
				CLANG_WARN_ENUM_CONVERSION = YES;
				CLANG_WARN_INFINITE_RECURSION = YES;
				CLANG_WARN_INT_CONVERSION = YES;
				CLANG_WARN_NON_LITERAL_NULL_CONVERSION = YES;
				CLANG_WARN_OBJC_IMPLICIT_RETAIN_SELF = YES;
				CLANG_WARN_OBJC_LITERAL_CONVERSION = YES;
				CLANG_WARN_OBJC_ROOT_CLASS = YES_ERROR;
				CLANG_WARN_QUOTED_INCLUDE_IN_FRAMEWORK_HEADER = YES;
				CLANG_WARN_RANGE_LOOP_ANALYSIS = YES;
				CLANG_WARN_STRICT_PROTOTYPES = YES;
				CLANG_WARN_SUSPICIOUS_MOVE = YES;
				CLANG_WARN_UNGUARDED_AVAILABILITY = YES_AGGRESSIVE;
				CLANG_WARN_UNREACHABLE_CODE = YES;
				CLANG_WARN__DUPLICATE_METHOD_MATCH = YES;
				COPY_PHASE_STRIP = NO;
				DEBUG_INFORMATION_FORMAT = "dwarf-with-dsym";
				ENABLE_NS_ASSERTIONS = NO;
				ENABLE_STRICT_OBJC_MSGSEND = YES;
				GCC_C_LANGUAGE_STANDARD = gnu11;
				GCC_NO_COMMON_BLOCKS = YES;
				GCC_WARN_64_TO_32_BIT_CONVERSION = YES;
				GCC_WARN_ABOUT_RETURN_TYPE = YES_ERROR;
				GCC_WARN_UNDECLARED_SELECTOR = YES;
				GCC_WARN_UNINITIALIZED_AUTOS = YES_AGGRESSIVE;
				GCC_WARN_UNUSED_FUNCTION = YES;
				GCC_WARN_UNUSED_VARIABLE = YES;
				IPHONEOS_DEPLOYMENT_TARGET = 13.0;
				MTL_ENABLE_DEBUG_INFO = NO;
				MTL_FAST_MATH = YES;
				SDKROOT = iphoneos;
				SWIFT_COMPILATION_MODE = wholemodule;
				SWIFT_OPTIMIZATION_LEVEL = "-O";
				VALIDATE_PRODUCT = YES;
			};
			name = Release;
		};
		7991497227AD0FB800FABDB3 /* Debug */ = {
			isa = XCBuildConfiguration;
			buildSettings = {
				ASSETCATALOG_COMPILER_APPICON_NAME = AppIcon;
				ASSETCATALOG_COMPILER_GLOBAL_ACCENT_COLOR_NAME = AccentColor;
				CODE_SIGN_STYLE = Automatic;
				DEVELOPMENT_TEAM = 25S64T64DZ;
				INFOPLIST_FILE = WalkATen/Info.plist;
				LD_RUNPATH_SEARCH_PATHS = (
					"$(inherited)",
					"@executable_path/Frameworks",
				);
				PRODUCT_BUNDLE_IDENTIFIER = com.jboro.walkATen;
				PRODUCT_NAME = "$(TARGET_NAME)";
				SWIFT_VERSION = 5.0;
				TARGETED_DEVICE_FAMILY = "1,2";
			};
			name = Debug;
		};
		7991497327AD0FB800FABDB3 /* Release */ = {
			isa = XCBuildConfiguration;
			buildSettings = {
				ASSETCATALOG_COMPILER_APPICON_NAME = AppIcon;
				ASSETCATALOG_COMPILER_GLOBAL_ACCENT_COLOR_NAME = AccentColor;
				CODE_SIGN_STYLE = Automatic;
				DEVELOPMENT_TEAM = 25S64T64DZ;
				INFOPLIST_FILE = WalkATen/Info.plist;
				LD_RUNPATH_SEARCH_PATHS = (
					"$(inherited)",
					"@executable_path/Frameworks",
				);
				PRODUCT_BUNDLE_IDENTIFIER = com.jboro.walkATen;
				PRODUCT_NAME = "$(TARGET_NAME)";
				SWIFT_VERSION = 5.0;
				TARGETED_DEVICE_FAMILY = "1,2";
			};
			name = Release;
		};
		79DE993127AD5AE1001DA24E /* Debug */ = {
			isa = XCBuildConfiguration;
			buildSettings = {
				BUNDLE_LOADER = "$(TEST_HOST)";
				CODE_SIGN_STYLE = Automatic;
				DEVELOPMENT_TEAM = 25S64T64DZ;
				INFOPLIST_FILE = WalkATenTests/Info.plist;
				IPHONEOS_DEPLOYMENT_TARGET = 13.0;
				LD_RUNPATH_SEARCH_PATHS = (
					"$(inherited)",
					"@executable_path/Frameworks",
					"@loader_path/Frameworks",
				);
				PRODUCT_BUNDLE_IDENTIFIER = com.jboro.WalkATenTests;
				PRODUCT_NAME = "$(TARGET_NAME)";
				SWIFT_VERSION = 5.0;
				TARGETED_DEVICE_FAMILY = "1,2";
				TEST_HOST = "$(BUILT_PRODUCTS_DIR)/WalkATen.app/WalkATen";
			};
			name = Debug;
		};
		79DE993227AD5AE1001DA24E /* Release */ = {
			isa = XCBuildConfiguration;
			buildSettings = {
				BUNDLE_LOADER = "$(TEST_HOST)";
				CODE_SIGN_STYLE = Automatic;
				DEVELOPMENT_TEAM = 25S64T64DZ;
				INFOPLIST_FILE = WalkATenTests/Info.plist;
				IPHONEOS_DEPLOYMENT_TARGET = 13.0;
				LD_RUNPATH_SEARCH_PATHS = (
					"$(inherited)",
					"@executable_path/Frameworks",
					"@loader_path/Frameworks",
				);
				PRODUCT_BUNDLE_IDENTIFIER = com.jboro.WalkATenTests;
				PRODUCT_NAME = "$(TARGET_NAME)";
				SWIFT_VERSION = 5.0;
				TARGETED_DEVICE_FAMILY = "1,2";
				TEST_HOST = "$(BUILT_PRODUCTS_DIR)/WalkATen.app/WalkATen";
			};
			name = Release;
		};
/* End XCBuildConfiguration section */

/* Begin XCConfigurationList section */
		7991495827AD0FB600FABDB3 /* Build configuration list for PBXProject "WalkATen" */ = {
			isa = XCConfigurationList;
			buildConfigurations = (
				7991496F27AD0FB800FABDB3 /* Debug */,
				7991497027AD0FB800FABDB3 /* Release */,
			);
			defaultConfigurationIsVisible = 0;
			defaultConfigurationName = Release;
		};
		7991497127AD0FB800FABDB3 /* Build configuration list for PBXNativeTarget "WalkATen" */ = {
			isa = XCConfigurationList;
			buildConfigurations = (
				7991497227AD0FB800FABDB3 /* Debug */,
				7991497327AD0FB800FABDB3 /* Release */,
			);
			defaultConfigurationIsVisible = 0;
			defaultConfigurationName = Release;
		};
		79DE993027AD5AE1001DA24E /* Build configuration list for PBXNativeTarget "WalkATenTests" */ = {
			isa = XCConfigurationList;
			buildConfigurations = (
				79DE993127AD5AE1001DA24E /* Debug */,
				79DE993227AD5AE1001DA24E /* Release */,
			);
			defaultConfigurationIsVisible = 0;
			defaultConfigurationName = Release;
		};
/* End XCConfigurationList section */
	};
	rootObject = 7991495527AD0FB600FABDB3 /* Project object */;
}
